
Microsoft Visual Studio Solution File, Format Version 12.00
# Visual Studio Version 17
VisualStudioVersion = 17.11.35312.102
MinimumVisualStudioVersion = 10.0.40219.1
Project("{FAE04EC0-301F-11D3-BF4B-00C04F79EFBC}") = "client1", "lab3_khriplivets_itb-221\client1.csproj", "{D587795F-B2B9-43B2-AC43-85820672ED90}"
EndProject
Project("{FAE04EC0-301F-11D3-BF4B-00C04F79EFBC}") = "client2", "client2\client2.csproj", "{EFAAD0BF-F379-4F45-8C14-86CF6072B3D3}"
EndProject
Project("{FAE04EC0-301F-11D3-BF4B-00C04F79EFBC}") = "server1", "server1\server1.csproj", "{47E35C9F-1083-453E-A6AB-20AAF8C2A634}"
EndProject
Global
	GlobalSection(SolutionConfigurationPlatforms) = preSolution
		Debug|Any CPU = Debug|Any CPU
		Release|Any CPU = Release|Any CPU
	EndGlobalSection
	GlobalSection(ProjectConfigurationPlatforms) = postSolution
		{D587795F-B2B9-43B2-AC43-85820672ED90}.Debug|Any CPU.ActiveCfg = Debug|Any CPU
		{D587795F-B2B9-43B2-AC43-85820672ED90}.Debug|Any CPU.Build.0 = Debug|Any CPU
		{D587795F-B2B9-43B2-AC43-85820672ED90}.Release|Any CPU.ActiveCfg = Release|Any CPU
		{D587795F-B2B9-43B2-AC43-85820672ED90}.Release|Any CPU.Build.0 = Release|Any CPU
		{EFAAD0BF-F379-4F45-8C14-86CF6072B3D3}.Debug|Any CPU.ActiveCfg = Debug|Any CPU
		{EFAAD0BF-F379-4F45-8C14-86CF6072B3D3}.Debug|Any CPU.Build.0 = Debug|Any CPU
		{EFAAD0BF-F379-4F45-8C14-86CF6072B3D3}.Release|Any CPU.ActiveCfg = Release|Any CPU
		{EFAAD0BF-F379-4F45-8C14-86CF6072B3D3}.Release|Any CPU.Build.0 = Release|Any CPU
		{47E35C9F-1083-453E-A6AB-20AAF8C2A634}.Debug|Any CPU.ActiveCfg = Debug|Any CPU
		{47E35C9F-1083-453E-A6AB-20AAF8C2A634}.Debug|Any CPU.Build.0 = Debug|Any CPU
		{47E35C9F-1083-453E-A6AB-20AAF8C2A634}.Release|Any CPU.ActiveCfg = Release|Any CPU
		{47E35C9F-1083-453E-A6AB-20AAF8C2A634}.Release|Any CPU.Build.0 = Release|Any CPU
	EndGlobalSection
	GlobalSection(SolutionProperties) = preSolution
		HideSolutionNode = FALSE
	EndGlobalSection
	GlobalSection(ExtensibilityGlobals) = postSolution
		SolutionGuid = {D6B29FE8-E70C-47E9-9BFA-F52AE8487512}
	EndGlobalSection
EndGlobal
